# This file is automatically @generated by Cargo.
# It is not intended for manual editing.
version = 3

[[package]]
name = "arkforge-arkdeck-adapter"
version = "0.1.0"
dependencies = [
 "arkforge-authority-api",
 "arkforge-core",
 "arkforge-ipc",
]

[[package]]
name = "arkforge-artifact"
version = "0.1.0"
dependencies = [
 "arkforge-core",
]

[[package]]
name = "arkforge-authority-api"
version = "0.1.0"
dependencies = [
 "arkforge-core",
]

[[package]]
name = "arkforge-core"
version = "0.1.0"

[[package]]
name = "arkforge-engine"
version = "0.1.0"
dependencies = [
 "arkforge-core",
]

[[package]]
name = "arkforge-ipc"
version = "0.1.0"
dependencies = [
 "arkforge-core",
]

[[package]]
name = "arkforge-provider"
version = "0.1.0"
dependencies = [
 "arkforge-artifact",
 "arkforge-core",
 "arkforge-transport",
]

[[package]]
name = "arkforge-transport"
version = "0.1.0"
dependencies = [
 "arkforge-core",
]

[[package]]
name = "arkforged"
version = "0.1.0"
dependencies = [
 "arkforge-arkdeck-adapter",
 "arkforge-artifact",
 "arkforge-core",
 "arkforge-engine",
 "arkforge-ipc",
 "arkforge-provider",
 "arkforge-transport",
]
