# This file is automatically @generated by Cargo.
# It is not intended for manual editing.
version = 4

[[package]]
name = "arkforge-arkdeck-adapter"
version = "0.1.0"
dependencies = [
 "arkforge-authority-api",
 "arkforge-core",
 "arkforge-ipc",
]

[[package]]
name = "arkforge-artifact"
version = "0.1.0"
dependencies = [
 "arkforge-core",
]

[[package]]
name = "arkforge-authority-api"
version = "0.1.0"
dependencies = [
 "arkforge-core",
]

[[package]]
name = "arkforge-cli"
version = "0.1.0"
dependencies = [
 "arkforge-artifact",
 "arkforge-authority-api",
 "arkforge-client",
 "arkforge-core",
 "arkforge-ipc",
 "arkforge-standalone",
 "arkforge-transport",
 "arkforged",
]

[[package]]
name = "arkforge-client"
version = "0.1.0"
dependencies = [
 "arkforge-ipc",
 "arkforge-platform",
]

[[package]]
name = "arkforge-core"
version = "0.1.0"
dependencies = [
 "arkforge-artifact",
]

[[package]]
name = "arkforge-engine"
version = "0.1.0"
dependencies = [
 "arkforge-authority-api",
 "arkforge-core",
]

[[package]]
name = "arkforge-ipc"
version = "0.1.0"
dependencies = [
 "arkforge-core",
]

[[package]]
name = "arkforge-platform"
version = "0.1.0"

[[package]]
name = "arkforge-provider"
version = "0.1.0"
dependencies = [
 "arkforge-artifact",
 "arkforge-core",
 "arkforge-transport",
]

[[package]]
name = "arkforge-standalone"
version = "0.1.0"
dependencies = [
 "arkforge-artifact",
 "arkforge-authority-api",
 "arkforge-client",
 "arkforge-core",
 "arkforge-ipc",
 "arkforge-platform",
 "arkforge-transport",
 "arkforged",
]

[[package]]
name = "arkforge-transport"
version = "0.1.0"
dependencies = [
 "arkforge-core",
]

[[package]]
name = "arkforge-usb"
version = "0.1.0"

[[package]]
name = "arkforged"
version = "0.1.0"
dependencies = [
 "arkforge-arkdeck-adapter",
 "arkforge-artifact",
 "arkforge-authority-api",
 "arkforge-core",
 "arkforge-engine",
 "arkforge-ipc",
 "arkforge-platform",
 "arkforge-provider",
 "arkforge-transport",
 "arkforge-usb",
]
